
Microsoft Visual Studio Solution File, Format Version 11.00
# Visual Studio 2010
Project("{FAE04EC0-301F-11D3-BF4B-00C04F79EFBC}") = "Program do analizy widma2", "Program do analizy widma\Program do analizy widma2.csproj", "{3111D374-9A0D-4E6B-A801-9F170064DA99}"
EndProject
Global
	GlobalSection(SolutionConfigurationPlatforms) = preSolution
		Debug|x86 = Debug|x86
		Release|x86 = Release|x86
	EndGlobalSection
	GlobalSection(ProjectConfigurationPlatforms) = postSolution
		{3111D374-9A0D-4E6B-A801-9F170064DA99}.Debug|x86.ActiveCfg = Debug|x86
		{3111D374-9A0D-4E6B-A801-9F170064DA99}.Debug|x86.Build.0 = Debug|x86
		{3111D374-9A0D-4E6B-A801-9F170064DA99}.Release|x86.ActiveCfg = Release|x86
		{3111D374-9A0D-4E6B-A801-9F170064DA99}.Release|x86.Build.0 = Release|x86
	EndGlobalSection
	GlobalSection(SolutionProperties) = preSolution
		HideSolutionNode = FALSE
	EndGlobalSection
EndGlobal
